
Microsoft Visual Studio Solution File, Format Version 12.00
# Visual Studio Version 17
VisualStudioVersion = 17.0.31903.59
MinimumVisualStudioVersion = 10.0.40219.1
Project("{FAE04EC0-301F-11D3-BF4B-00C04F79EFBC}") = "PokeApi.Wrapper", "PokeApi.Wrapper\PokeApi.Wrapper.csproj", "{E0E12BD6-26DB-4021-A546-CB53B0FE18E7}"
EndProject
Project("{FAE04EC0-301F-11D3-BF4B-00C04F79EFBC}") = "PokeApi.Internal", "PokeApi.Internal\PokeApi.Internal.csproj", "{27826422-4F08-4F3F-8B46-8EC477A3EA7F}"
EndProject
Project("{FAE04EC0-301F-11D3-BF4B-00C04F79EFBC}") = "PokeApi.Shared", "PokeApi.Shared\PokeApi.Shared.csproj", "{3330DA80-271E-4C8C-AAF7-C0A352C655AB}"
EndProject
Global
	GlobalSection(SolutionConfigurationPlatforms) = preSolution
		Debug|Any CPU = Debug|Any CPU
		Debug|x64 = Debug|x64
		Debug|x86 = Debug|x86
		Release|Any CPU = Release|Any CPU
		Release|x64 = Release|x64
		Release|x86 = Release|x86
	EndGlobalSection
	GlobalSection(ProjectConfigurationPlatforms) = postSolution
		{E0E12BD6-26DB-4021-A546-CB53B0FE18E7}.Debug|Any CPU.ActiveCfg = Debug|Any CPU
		{E0E12BD6-26DB-4021-A546-CB53B0FE18E7}.Debug|Any CPU.Build.0 = Debug|Any CPU
		{E0E12BD6-26DB-4021-A546-CB53B0FE18E7}.Debug|x64.ActiveCfg = Debug|Any CPU
		{E0E12BD6-26DB-4021-A546-CB53B0FE18E7}.Debug|x64.Build.0 = Debug|Any CPU
		{E0E12BD6-26DB-4021-A546-CB53B0FE18E7}.Debug|x86.ActiveCfg = Debug|Any CPU
		{E0E12BD6-26DB-4021-A546-CB53B0FE18E7}.Debug|x86.Build.0 = Debug|Any CPU
		{E0E12BD6-26DB-4021-A546-CB53B0FE18E7}.Release|Any CPU.ActiveCfg = Release|Any CPU
		{E0E12BD6-26DB-4021-A546-CB53B0FE18E7}.Release|Any CPU.Build.0 = Release|Any CPU
		{E0E12BD6-26DB-4021-A546-CB53B0FE18E7}.Release|x64.ActiveCfg = Release|Any CPU
		{E0E12BD6-26DB-4021-A546-CB53B0FE18E7}.Release|x64.Build.0 = Release|Any CPU
		{E0E12BD6-26DB-4021-A546-CB53B0FE18E7}.Release|x86.ActiveCfg = Release|Any CPU
		{E0E12BD6-26DB-4021-A546-CB53B0FE18E7}.Release|x86.Build.0 = Release|Any CPU
		{27826422-4F08-4F3F-8B46-8EC477A3EA7F}.Debug|Any CPU.ActiveCfg = Debug|Any CPU
		{27826422-4F08-4F3F-8B46-8EC477A3EA7F}.Debug|Any CPU.Build.0 = Debug|Any CPU
		{27826422-4F08-4F3F-8B46-8EC477A3EA7F}.Debug|x64.ActiveCfg = Debug|Any CPU
		{27826422-4F08-4F3F-8B46-8EC477A3EA7F}.Debug|x64.Build.0 = Debug|Any CPU
		{27826422-4F08-4F3F-8B46-8EC477A3EA7F}.Debug|x86.ActiveCfg = Debug|Any CPU
		{27826422-4F08-4F3F-8B46-8EC477A3EA7F}.Debug|x86.Build.0 = Debug|Any CPU
		{27826422-4F08-4F3F-8B46-8EC477A3EA7F}.Release|Any CPU.ActiveCfg = Release|Any CPU
		{27826422-4F08-4F3F-8B46-8EC477A3EA7F}.Release|Any CPU.Build.0 = Release|Any CPU
		{27826422-4F08-4F3F-8B46-8EC477A3EA7F}.Release|x64.ActiveCfg = Release|Any CPU
		{27826422-4F08-4F3F-8B46-8EC477A3EA7F}.Release|x64.Build.0 = Release|Any CPU
		{27826422-4F08-4F3F-8B46-8EC477A3EA7F}.Release|x86.ActiveCfg = Release|Any CPU
		{27826422-4F08-4F3F-8B46-8EC477A3EA7F}.Release|x86.Build.0 = Release|Any CPU
		{3330DA80-271E-4C8C-AAF7-C0A352C655AB}.Debug|Any CPU.ActiveCfg = Debug|Any CPU
		{3330DA80-271E-4C8C-AAF7-C0A352C655AB}.Debug|Any CPU.Build.0 = Debug|Any CPU
		{3330DA80-271E-4C8C-AAF7-C0A352C655AB}.Debug|x64.ActiveCfg = Debug|Any CPU
		{3330DA80-271E-4C8C-AAF7-C0A352C655AB}.Debug|x64.Build.0 = Debug|Any CPU
		{3330DA80-271E-4C8C-AAF7-C0A352C655AB}.Debug|x86.ActiveCfg = Debug|Any CPU
		{3330DA80-271E-4C8C-AAF7-C0A352C655AB}.Debug|x86.Build.0 = Debug|Any CPU
		{3330DA80-271E-4C8C-AAF7-C0A352C655AB}.Release|Any CPU.ActiveCfg = Release|Any CPU
		{3330DA80-271E-4C8C-AAF7-C0A352C655AB}.Release|Any CPU.Build.0 = Release|Any CPU
		{3330DA80-271E-4C8C-AAF7-C0A352C655AB}.Release|x64.ActiveCfg = Release|Any CPU
		{3330DA80-271E-4C8C-AAF7-C0A352C655AB}.Release|x64.Build.0 = Release|Any CPU
		{3330DA80-271E-4C8C-AAF7-C0A352C655AB}.Release|x86.ActiveCfg = Release|Any CPU
		{3330DA80-271E-4C8C-AAF7-C0A352C655AB}.Release|x86.Build.0 = Release|Any CPU
	EndGlobalSection
	GlobalSection(SolutionProperties) = preSolution
		HideSolutionNode = FALSE
	EndGlobalSection
	GlobalSection(ExtensibilityGlobals) = postSolution
		SolutionGuid = {97A0D733-DF36-44B9-98F0-BB37D05F0D03}
	EndGlobalSection
EndGlobal
